
Microsoft Visual Studio Solution File, Format Version 12.00
# Visual Studio Version 17
VisualStudioVersion = 17.7.34031.279
MinimumVisualStudioVersion = 10.0.40219.1
Project("{2150E333-8FDC-42A3-9474-1A3956D46DE8}") = "src", "src", "{20038BD8-987A-4529-A13A-897A5DF3D561}"
EndProject
Project("{2150E333-8FDC-42A3-9474-1A3956D46DE8}") = "Application", "Application", "{F4760DB7-E307-42E1-B40F-AB18AFCA386B}"
EndProject
Project("{FAE04EC0-301F-11D3-BF4B-00C04F79EFBC}") = "Application.Host", "src\Application\Application.Host\Application.Host.csproj", "{BA058C33-B3A4-482A-B360-9AA37A53CE9B}"
EndProject
Project("{2150E333-8FDC-42A3-9474-1A3956D46DE8}") = "Domain", "Domain", "{8D95EA04-8315-4A87-8068-C5C8D4D9F605}"
EndProject
Project("{9A19103F-16F7-4668-BE54-9A1E7A4F7556}") = "Domain.Model", "src\Domain\Domain.Model\Domain.Model.csproj", "{11E291B8-8456-4126-89B2-EFC5DA390D8F}"
EndProject
Project("{9A19103F-16F7-4668-BE54-9A1E7A4F7556}") = "Domain.UseCase", "src\Domain\Domain.UseCase\Domain.UseCase.csproj", "{2643F86B-2E70-4962-8497-B4E2DFDFFEA9}"
EndProject
Project("{2150E333-8FDC-42A3-9474-1A3956D46DE8}") = "Infrastructure", "Infrastructure", "{5982A425-2ECC-4D58-8D51-A1769F9D5109}"
EndProject
Project("{2150E333-8FDC-42A3-9474-1A3956D46DE8}") = "DrivenAdapters", "DrivenAdapters", "{6BC6275A-812E-48A4-AF77-998B10A05087}"
EndProject
Project("{2150E333-8FDC-42A3-9474-1A3956D46DE8}") = "EntryPoints", "EntryPoints", "{A5BB62CF-73DA-43A4-95F8-C7D2CE6E6E3F}"
EndProject
Project("{9A19103F-16F7-4668-BE54-9A1E7A4F7556}") = "DrivenAdapter.SqlServer", "src\Infrastructure\DrivenAdapters\DrivenAdapter.SqlServer\DrivenAdapter.SqlServer.csproj", "{B1B72D97-6714-4584-B80A-ADBD5ACD40FA}"
EndProject
Project("{9A19103F-16F7-4668-BE54-9A1E7A4F7556}") = "EntryPoint.Web", "src\Infrastructure\EntryPoints\EntryPoint.Web\EntryPoint.Web.csproj", "{3D067876-88E5-46F5-AEEF-F3EFBE796E90}"
EndProject
Project("{2150E333-8FDC-42A3-9474-1A3956D46DE8}") = "Test", "Test", "{90B04D99-A620-437B-AE49-5DF949F3C7AC}"
EndProject
Project("{FAE04EC0-301F-11D3-BF4B-00C04F79EFBC}") = "TestProject1", "src\Test\TestProject1\TestProject1.csproj", "{1CA3E82C-78CF-494B-A145-FDC214E3A316}"
EndProject
Global
	GlobalSection(SolutionConfigurationPlatforms) = preSolution
		Debug|Any CPU = Debug|Any CPU
		Release|Any CPU = Release|Any CPU
	EndGlobalSection
	GlobalSection(ProjectConfigurationPlatforms) = postSolution
		{11E291B8-8456-4126-89B2-EFC5DA390D8F}.Debug|Any CPU.ActiveCfg = Debug|Any CPU
		{11E291B8-8456-4126-89B2-EFC5DA390D8F}.Debug|Any CPU.Build.0 = Debug|Any CPU
		{11E291B8-8456-4126-89B2-EFC5DA390D8F}.Release|Any CPU.ActiveCfg = Release|Any CPU
		{11E291B8-8456-4126-89B2-EFC5DA390D8F}.Release|Any CPU.Build.0 = Release|Any CPU
		{2643F86B-2E70-4962-8497-B4E2DFDFFEA9}.Debug|Any CPU.ActiveCfg = Debug|Any CPU
		{2643F86B-2E70-4962-8497-B4E2DFDFFEA9}.Debug|Any CPU.Build.0 = Debug|Any CPU
		{2643F86B-2E70-4962-8497-B4E2DFDFFEA9}.Release|Any CPU.ActiveCfg = Release|Any CPU
		{2643F86B-2E70-4962-8497-B4E2DFDFFEA9}.Release|Any CPU.Build.0 = Release|Any CPU
		{B1B72D97-6714-4584-B80A-ADBD5ACD40FA}.Debug|Any CPU.ActiveCfg = Debug|Any CPU
		{B1B72D97-6714-4584-B80A-ADBD5ACD40FA}.Debug|Any CPU.Build.0 = Debug|Any CPU
		{B1B72D97-6714-4584-B80A-ADBD5ACD40FA}.Release|Any CPU.ActiveCfg = Release|Any CPU
		{B1B72D97-6714-4584-B80A-ADBD5ACD40FA}.Release|Any CPU.Build.0 = Release|Any CPU
		{3D067876-88E5-46F5-AEEF-F3EFBE796E90}.Debug|Any CPU.ActiveCfg = Debug|Any CPU
		{3D067876-88E5-46F5-AEEF-F3EFBE796E90}.Debug|Any CPU.Build.0 = Debug|Any CPU
		{3D067876-88E5-46F5-AEEF-F3EFBE796E90}.Release|Any CPU.ActiveCfg = Release|Any CPU
		{3D067876-88E5-46F5-AEEF-F3EFBE796E90}.Release|Any CPU.Build.0 = Release|Any CPU
		{BA058C33-B3A4-482A-B360-9AA37A53CE9B}.Debug|Any CPU.ActiveCfg = Debug|Any CPU
		{BA058C33-B3A4-482A-B360-9AA37A53CE9B}.Debug|Any CPU.Build.0 = Debug|Any CPU
		{BA058C33-B3A4-482A-B360-9AA37A53CE9B}.Release|Any CPU.ActiveCfg = Release|Any CPU
		{BA058C33-B3A4-482A-B360-9AA37A53CE9B}.Release|Any CPU.Build.0 = Release|Any CPU
		{1CA3E82C-78CF-494B-A145-FDC214E3A316}.Debug|Any CPU.ActiveCfg = Debug|Any CPU
		{1CA3E82C-78CF-494B-A145-FDC214E3A316}.Debug|Any CPU.Build.0 = Debug|Any CPU
		{1CA3E82C-78CF-494B-A145-FDC214E3A316}.Release|Any CPU.ActiveCfg = Release|Any CPU
		{1CA3E82C-78CF-494B-A145-FDC214E3A316}.Release|Any CPU.Build.0 = Release|Any CPU
	EndGlobalSection
	GlobalSection(SolutionProperties) = preSolution
		HideSolutionNode = FALSE
	EndGlobalSection
	GlobalSection(NestedProjects) = preSolution
		{8D95EA04-8315-4A87-8068-C5C8D4D9F605} = {20038BD8-987A-4529-A13A-897A5DF3D561}
		{11E291B8-8456-4126-89B2-EFC5DA390D8F} = {8D95EA04-8315-4A87-8068-C5C8D4D9F605}
		{2643F86B-2E70-4962-8497-B4E2DFDFFEA9} = {8D95EA04-8315-4A87-8068-C5C8D4D9F605}
		{F4760DB7-E307-42E1-B40F-AB18AFCA386B} = {20038BD8-987A-4529-A13A-897A5DF3D561}
		{5982A425-2ECC-4D58-8D51-A1769F9D5109} = {20038BD8-987A-4529-A13A-897A5DF3D561}
		{6BC6275A-812E-48A4-AF77-998B10A05087} = {5982A425-2ECC-4D58-8D51-A1769F9D5109}
		{A5BB62CF-73DA-43A4-95F8-C7D2CE6E6E3F} = {5982A425-2ECC-4D58-8D51-A1769F9D5109}
		{B1B72D97-6714-4584-B80A-ADBD5ACD40FA} = {6BC6275A-812E-48A4-AF77-998B10A05087}
		{3D067876-88E5-46F5-AEEF-F3EFBE796E90} = {A5BB62CF-73DA-43A4-95F8-C7D2CE6E6E3F}
		{BA058C33-B3A4-482A-B360-9AA37A53CE9B} = {F4760DB7-E307-42E1-B40F-AB18AFCA386B}
		{90B04D99-A620-437B-AE49-5DF949F3C7AC} = {20038BD8-987A-4529-A13A-897A5DF3D561}
		{1CA3E82C-78CF-494B-A145-FDC214E3A316} = {90B04D99-A620-437B-AE49-5DF949F3C7AC}
	EndGlobalSection
	GlobalSection(ExtensibilityGlobals) = postSolution
		SolutionGuid = {110CD55F-69D4-4E31-ABF8-0715E6A8E24E}
	EndGlobalSection
EndGlobal
